Microsoft Visual Studio Solution File, Format Version 12.00
# Visual Studio Version 17
VisualStudioVersion = 17.12.35527.113 d17.12
MinimumVisualStudioVersion = 10.0.40219.1
Project("{FAE04EC0-301F-11D3-BF4B-00C04F79EFBC}") = "Shouldly.Json", "src\Shouldly.Json\Shouldly.Json.csproj", "{5C2CACD2-B552-45F4-889B-CF667549DC1D}"
EndProject
Project("{FAE04EC0-301F-11D3-BF4B-00C04F79EFBC}") = "Shouldly.Json.Tests", "tests\Shouldly.Json.Tests\Shouldly.Json.Tests.csproj", "{877A8796-F73C-47D1-A0B2-E17494A71A62}"
EndProject
Global
	GlobalSection(SolutionConfigurationPlatforms) = preSolution
		Debug|Any CPU = Debug|Any CPU
		Release|Any CPU = Release|Any CPU
	EndGlobalSection
	GlobalSection(ProjectConfigurationPlatforms) = postSolution
		{5C2CACD2-B552-45F4-889B-CF667549DC1D}.Debug|Any CPU.ActiveCfg = Debug|Any CPU
		{5C2CACD2-B552-45F4-889B-CF667549DC1D}.Debug|Any CPU.Build.0 = Debug|Any CPU
		{5C2CACD2-B552-45F4-889B-CF667549DC1D}.Release|Any CPU.ActiveCfg = Release|Any CPU
		{5C2CACD2-B552-45F4-889B-CF667549DC1D}.Release|Any CPU.Build.0 = Release|Any CPU
		{877A8796-F73C-47D1-A0B2-E17494A71A62}.Debug|Any CPU.ActiveCfg = Debug|Any CPU
		{877A8796-F73C-47D1-A0B2-E17494A71A62}.Debug|Any CPU.Build.0 = Debug|Any CPU
		{877A8796-F73C-47D1-A0B2-E17494A71A62}.Release|Any CPU.ActiveCfg = Release|Any CPU
		{877A8796-F73C-47D1-A0B2-E17494A71A62}.Release|Any CPU.Build.0 = Release|Any CPU
	EndGlobalSection
	GlobalSection(SolutionProperties) = preSolution
		HideSolutionNode = FALSE
	EndGlobalSection
EndGlobal
